
Microsoft Visual Studio Solution File, Format Version 12.00
# Visual Studio Version 16
VisualStudioVersion = 16.0.31105.61
MinimumVisualStudioVersion = 10.0.40219.1
Project("{FAE04EC0-301F-11D3-BF4B-00C04F79EFBC}") = "WebApplication1", "WebApplication1\WebApplication1.csproj", "{41B54AC2-A7D9-4CA6-9412-238BA89C0B9D}"
EndProject
Global
	GlobalSection(SolutionConfigurationPlatforms) = preSolution
		Debug|Any CPU = Debug|Any CPU
		Release|Any CPU = Release|Any CPU
	EndGlobalSection
	GlobalSection(ProjectConfigurationPlatforms) = postSolution
		{41B54AC2-A7D9-4CA6-9412-238BA89C0B9D}.Debug|Any CPU.ActiveCfg = Debug|Any CPU
		{41B54AC2-A7D9-4CA6-9412-238BA89C0B9D}.Debug|Any CPU.Build.0 = Debug|Any CPU
		{41B54AC2-A7D9-4CA6-9412-238BA89C0B9D}.Release|Any CPU.ActiveCfg = Release|Any CPU
		{41B54AC2-A7D9-4CA6-9412-238BA89C0B9D}.Release|Any CPU.Build.0 = Release|Any CPU
	EndGlobalSection
	GlobalSection(SolutionProperties) = preSolution
		HideSolutionNode = FALSE
	EndGlobalSection
	GlobalSection(ExtensibilityGlobals) = postSolution
		SolutionGuid = {26EA27B0-E88B-4F19-97EC-2E641C3ADE66}
	EndGlobalSection
EndGlobal
